
Microsoft Visual Studio Solution File, Format Version 12.00
# Visual Studio Version 16
VisualStudioVersion = 16.0.32126.315
MinimumVisualStudioVersion = 10.0.40219.1
Project("{FAE04EC0-301F-11D3-BF4B-00C04F79EFBC}") = "1.Odev", "1.Odev.csproj", "{FD66A8F9-B4C3-4AC3-A911-F3E8522B7C4B}"
EndProject
Global
	GlobalSection(SolutionConfigurationPlatforms) = preSolution
		Debug|Any CPU = Debug|Any CPU
		Release|Any CPU = Release|Any CPU
	EndGlobalSection
	GlobalSection(ProjectConfigurationPlatforms) = postSolution
		{FD66A8F9-B4C3-4AC3-A911-F3E8522B7C4B}.Debug|Any CPU.ActiveCfg = Debug|Any CPU
		{FD66A8F9-B4C3-4AC3-A911-F3E8522B7C4B}.Debug|Any CPU.Build.0 = Debug|Any CPU
		{FD66A8F9-B4C3-4AC3-A911-F3E8522B7C4B}.Release|Any CPU.ActiveCfg = Release|Any CPU
		{FD66A8F9-B4C3-4AC3-A911-F3E8522B7C4B}.Release|Any CPU.Build.0 = Release|Any CPU
	EndGlobalSection
	GlobalSection(SolutionProperties) = preSolution
		HideSolutionNode = FALSE
	EndGlobalSection
	GlobalSection(ExtensibilityGlobals) = postSolution
		SolutionGuid = {1D3682AD-F0DA-4A6A-A4FD-9CC5DAE100EC}
	EndGlobalSection
EndGlobal
